
Microsoft Visual Studio Solution File, Format Version 12.00
# Visual Studio Version 17
VisualStudioVersion = 17.11.35219.272
MinimumVisualStudioVersion = 10.0.40219.1
Project("{FAE04EC0-301F-11D3-BF4B-00C04F79EFBC}") = "TaskManager", "TaskManager.csproj", "{4A3FE3FB-142B-451F-8D4E-68C6D114ACFE}"
EndProject
Global
	GlobalSection(SolutionConfigurationPlatforms) = preSolution
		Debug|Any CPU = Debug|Any CPU
		Release|Any CPU = Release|Any CPU
	EndGlobalSection
	GlobalSection(ProjectConfigurationPlatforms) = postSolution
		{4A3FE3FB-142B-451F-8D4E-68C6D114ACFE}.Debug|Any CPU.ActiveCfg = Debug|Any CPU
		{4A3FE3FB-142B-451F-8D4E-68C6D114ACFE}.Debug|Any CPU.Build.0 = Debug|Any CPU
		{4A3FE3FB-142B-451F-8D4E-68C6D114ACFE}.Release|Any CPU.ActiveCfg = Release|Any CPU
		{4A3FE3FB-142B-451F-8D4E-68C6D114ACFE}.Release|Any CPU.Build.0 = Release|Any CPU
	EndGlobalSection
	GlobalSection(SolutionProperties) = preSolution
		HideSolutionNode = FALSE
	EndGlobalSection
	GlobalSection(ExtensibilityGlobals) = postSolution
		SolutionGuid = {257B763C-9096-409C-BF59-875BC247BE2E}
	EndGlobalSection
EndGlobal
